
Microsoft Visual Studio Solution File, Format Version 12.00
# Visual Studio Version 17
VisualStudioVersion = 17.14.37012.4 d17.14
MinimumVisualStudioVersion = 10.0.40219.1
Project("{FAE04EC0-301F-11D3-BF4B-00C04F79EFBC}") = "Mvc_LifeSure_DbFirst", "Mvc_LifeSure_DbFirst\Mvc_LifeSure_DbFirst.csproj", "{484785A0-716C-4233-8407-78557ECDF268}"
EndProject
Global
	GlobalSection(SolutionConfigurationPlatforms) = preSolution
		Debug|Any CPU = Debug|Any CPU
		Release|Any CPU = Release|Any CPU
	EndGlobalSection
	GlobalSection(ProjectConfigurationPlatforms) = postSolution
		{484785A0-716C-4233-8407-78557ECDF268}.Debug|Any CPU.ActiveCfg = Debug|Any CPU
		{484785A0-716C-4233-8407-78557ECDF268}.Debug|Any CPU.Build.0 = Debug|Any CPU
		{484785A0-716C-4233-8407-78557ECDF268}.Release|Any CPU.ActiveCfg = Release|Any CPU
		{484785A0-716C-4233-8407-78557ECDF268}.Release|Any CPU.Build.0 = Release|Any CPU
	EndGlobalSection
	GlobalSection(SolutionProperties) = preSolution
		HideSolutionNode = FALSE
	EndGlobalSection
	GlobalSection(ExtensibilityGlobals) = postSolution
		SolutionGuid = {4EAE5074-394B-4861-8308-6FBBB053EEDD}
	EndGlobalSection
EndGlobal
